
Microsoft Visual Studio Solution File, Format Version 12.00
# Visual Studio Version 17
VisualStudioVersion = 17.7.34221.43
MinimumVisualStudioVersion = 10.0.40219.1
Project("{FAE04EC0-301F-11D3-BF4B-00C04F79EFBC}") = "PAROCHOSClient", "PAROCHOSClient\PAROCHOSClient.csproj", "{47B26E1E-5C94-4EE6-8CF7-289163D140B8}"
EndProject
Project("{2150E333-8FDC-42A3-9474-1A3956D46DE8}") = "Solution Items", "Solution Items", "{EB028C68-D285-47B5-8ED8-89CA90668C0E}"
	ProjectSection(SolutionItems) = preProject
		.editorconfig = .editorconfig
	EndProjectSection
EndProject
Global
	GlobalSection(SolutionConfigurationPlatforms) = preSolution
		Debug|Any CPU = Debug|Any CPU
		Release|Any CPU = Release|Any CPU
	EndGlobalSection
	GlobalSection(ProjectConfigurationPlatforms) = postSolution
		{47B26E1E-5C94-4EE6-8CF7-289163D140B8}.Debug|Any CPU.ActiveCfg = Debug|Any CPU
		{47B26E1E-5C94-4EE6-8CF7-289163D140B8}.Debug|Any CPU.Build.0 = Debug|Any CPU
		{47B26E1E-5C94-4EE6-8CF7-289163D140B8}.Release|Any CPU.ActiveCfg = Release|Any CPU
		{47B26E1E-5C94-4EE6-8CF7-289163D140B8}.Release|Any CPU.Build.0 = Release|Any CPU
	EndGlobalSection
	GlobalSection(SolutionProperties) = preSolution
		HideSolutionNode = FALSE
	EndGlobalSection
	GlobalSection(ExtensibilityGlobals) = postSolution
		SolutionGuid = {C594CC22-DB4D-42CE-B540-1B449E2C8138}
	EndGlobalSection
EndGlobal
